
Microsoft Visual Studio Solution File, Format Version 12.00
# Visual Studio Version 16
VisualStudioVersion = 16.0.30907.101
MinimumVisualStudioVersion = 10.0.40219.1
Project("{2150E333-8FDC-42A3-9474-1A3956D46DE8}") = "src", "src", "{B1EA64C7-C0F3-49D6-910B-E6A4A158BC30}"
EndProject
Project("{FAE04EC0-301F-11D3-BF4B-00C04F79EFBC}") = "MagasBook.WebApi", "MagasBook.WebApi\MagasBook.WebApi.csproj", "{EF24FC2D-F03E-4259-8DCD-208B0FE1ADF7}"
EndProject
Project("{FAE04EC0-301F-11D3-BF4B-00C04F79EFBC}") = "MagasBook.Domain", "MagasBook.Domain\MagasBook.Domain.csproj", "{59E4F461-7FDC-457C-BD6F-780B6F2F3ED1}"
EndProject
Project("{FAE04EC0-301F-11D3-BF4B-00C04F79EFBC}") = "MagasBook.Application", "MagasBook.Application\MagasBook.Application.csproj", "{162ACF19-E577-4E72-9EC1-F9FE2832764C}"
EndProject
Project("{FAE04EC0-301F-11D3-BF4B-00C04F79EFBC}") = "MagasBook.Infrastructure", "MagasBook.Infrastructure\MagasBook.Infrastructure.csproj", "{205F34C4-95FD-4827-9D6C-CFD419D6BDDF}"
EndProject
Global
	GlobalSection(SolutionConfigurationPlatforms) = preSolution
		Debug|Any CPU = Debug|Any CPU
		Release|Any CPU = Release|Any CPU
	EndGlobalSection
	GlobalSection(ProjectConfigurationPlatforms) = postSolution
		{EF24FC2D-F03E-4259-8DCD-208B0FE1ADF7}.Debug|Any CPU.ActiveCfg = Debug|Any CPU
		{EF24FC2D-F03E-4259-8DCD-208B0FE1ADF7}.Debug|Any CPU.Build.0 = Debug|Any CPU
		{EF24FC2D-F03E-4259-8DCD-208B0FE1ADF7}.Release|Any CPU.ActiveCfg = Release|Any CPU
		{EF24FC2D-F03E-4259-8DCD-208B0FE1ADF7}.Release|Any CPU.Build.0 = Release|Any CPU
		{59E4F461-7FDC-457C-BD6F-780B6F2F3ED1}.Debug|Any CPU.ActiveCfg = Debug|Any CPU
		{59E4F461-7FDC-457C-BD6F-780B6F2F3ED1}.Debug|Any CPU.Build.0 = Debug|Any CPU
		{59E4F461-7FDC-457C-BD6F-780B6F2F3ED1}.Release|Any CPU.ActiveCfg = Release|Any CPU
		{59E4F461-7FDC-457C-BD6F-780B6F2F3ED1}.Release|Any CPU.Build.0 = Release|Any CPU
		{162ACF19-E577-4E72-9EC1-F9FE2832764C}.Debug|Any CPU.ActiveCfg = Debug|Any CPU
		{162ACF19-E577-4E72-9EC1-F9FE2832764C}.Debug|Any CPU.Build.0 = Debug|Any CPU
		{162ACF19-E577-4E72-9EC1-F9FE2832764C}.Release|Any CPU.ActiveCfg = Release|Any CPU
		{162ACF19-E577-4E72-9EC1-F9FE2832764C}.Release|Any CPU.Build.0 = Release|Any CPU
		{205F34C4-95FD-4827-9D6C-CFD419D6BDDF}.Debug|Any CPU.ActiveCfg = Debug|Any CPU
		{205F34C4-95FD-4827-9D6C-CFD419D6BDDF}.Debug|Any CPU.Build.0 = Debug|Any CPU
		{205F34C4-95FD-4827-9D6C-CFD419D6BDDF}.Release|Any CPU.ActiveCfg = Release|Any CPU
		{205F34C4-95FD-4827-9D6C-CFD419D6BDDF}.Release|Any CPU.Build.0 = Release|Any CPU
	EndGlobalSection
	GlobalSection(SolutionProperties) = preSolution
		HideSolutionNode = FALSE
	EndGlobalSection
	GlobalSection(ExtensibilityGlobals) = postSolution
		SolutionGuid = {DE317A0C-962D-4581-808F-6876E53DA442}
	EndGlobalSection
	GlobalSection(NestedProjects) = preSolution
		{EF24FC2D-F03E-4259-8DCD-208B0FE1ADF7} = {B1EA64C7-C0F3-49D6-910B-E6A4A158BC30}
		{59E4F461-7FDC-457C-BD6F-780B6F2F3ED1} = {B1EA64C7-C0F3-49D6-910B-E6A4A158BC30}
		{162ACF19-E577-4E72-9EC1-F9FE2832764C} = {B1EA64C7-C0F3-49D6-910B-E6A4A158BC30}
		{205F34C4-95FD-4827-9D6C-CFD419D6BDDF} = {B1EA64C7-C0F3-49D6-910B-E6A4A158BC30}
	EndGlobalSection
EndGlobal
